<?xml version="1.0" encoding="utf-8"?>
<Project ToolsVersion="4.0" xmlns="http://schemas.microsoft.com/developer/msbuild/2003">
  <ItemGroup>
    <Filter Include="源文件">
      <UniqueIdentifier>{4FC737F1-C7A5-4376-A066-2A32D752A2FF}</UniqueIdentifier>
      <Extensions>cpp;c;cc;cxx;def;odl;idl;hpj;bat;asm;asmx</Extensions>
    </Filter>
    <Filter Include="头文件">
      <UniqueIdentifier>{93995380-89BD-4b04-88EB-625FBE52EBFB}</UniqueIdentifier>
      <Extensions>h;hh;hpp;hxx;hm;inl;inc;ipp;xsd</Extensions>
    </Filter>
    <Filter Include="资源文件">
      <UniqueIdentifier>{67DA6AB6-F800-4c08-8B7A-83BB121AAD01}</UniqueIdentifier>
      <Extensions>rc;ico;cur;bmp;dlg;rc2;rct;bin;rgs;gif;jpg;jpeg;jpe;resx;tiff;tif;png;wav;mfcribbon-ms</Extensions>
    </Filter>
  </ItemGroup>
  <ItemGroup>
    <ClCompile Include="test.cpp">
      <Filter>源文件</Filter>
    </ClCompile>
    <ClCompile Include="[1]两数之和.cpp">
      <Filter>源文件</Filter>
    </ClCompile>
    <ClCompile Include="[2]两数相加.cpp">
      <Filter>源文件</Filter>
    </ClCompile>
    <ClCompile Include="[3]无重复字符的最长子串.cpp">
      <Filter>源文件</Filter>
    </ClCompile>
    <ClCompile Include="[4]寻找两个有序数组的中位数.cpp">
      <Filter>源文件</Filter>
    </ClCompile>
    <ClCompile Include="[5]最长回文子串.cpp">
      <Filter>源文件</Filter>
    </ClCompile>
    <ClCompile Include="[214]最短回文串.cpp">
      <Filter>源文件</Filter>
    </ClCompile>
    <ClCompile Include="[6]Z 字形变换.cpp">
      <Filter>源文件</Filter>
    </ClCompile>
    <ClCompile Include="[7].cpp">
      <Filter>源文件</Filter>
    </ClCompile>
    <ClCompile Include="[9]回文数.cpp">
      <Filter>源文件</Filter>
    </ClCompile>
    <ClCompile Include="[8]字符串转换整数 (atoi).cpp">
      <Filter>源文件</Filter>
    </ClCompile>
    <ClCompile Include="[10]正则表达式匹配.cpp">
      <Filter>源文件</Filter>
    </ClCompile>
    <ClCompile Include="[11]盛最多水的容器.cpp">
      <Filter>源文件</Filter>
    </ClCompile>
    <ClCompile Include="[12]整数转罗马数字.cpp">
      <Filter>源文件</Filter>
    </ClCompile>
    <ClCompile Include="[13]罗马数字转整数.cpp">
      <Filter>源文件</Filter>
    </ClCompile>
    <ClCompile Include="[14]最长公共前缀.cpp">
      <Filter>源文件</Filter>
    </ClCompile>
    <ClCompile Include="[15]三数之和.cpp">
      <Filter>源文件</Filter>
    </ClCompile>
    <ClCompile Include="[16]最接近的三数之和.cpp">
      <Filter>源文件</Filter>
    </ClCompile>
    <ClCompile Include="[17]电话号码的字母组合.cpp">
      <Filter>源文件</Filter>
    </ClCompile>
    <ClCompile Include="[18]四数之和.cpp">
      <Filter>源文件</Filter>
    </ClCompile>
    <ClCompile Include="[19]删除链表的倒数第N个节点.cpp">
      <Filter>源文件</Filter>
    </ClCompile>
    <ClCompile Include="[20]有效的括号.cpp">
      <Filter>源文件</Filter>
    </ClCompile>
    <ClCompile Include="[21]合并两个有序链表.cpp">
      <Filter>源文件</Filter>
    </ClCompile>
    <ClCompile Include="[22]括号生成.cpp">
      <Filter>源文件</Filter>
    </ClCompile>
    <ClCompile Include="[23]合并K个排序链表.cpp">
      <Filter>源文件</Filter>
    </ClCompile>
    <ClCompile Include="[24] 两两交换链表中的节点.cpp">
      <Filter>源文件</Filter>
    </ClCompile>
    <ClCompile Include="[25]K 个一组翻转链表.cpp">
      <Filter>源文件</Filter>
    </ClCompile>
    <ClCompile Include="[26]删除排序数组中的重复项.cpp">
      <Filter>源文件</Filter>
    </ClCompile>
    <ClCompile Include="[27]移除元素.cpp">
      <Filter>源文件</Filter>
    </ClCompile>
    <ClCompile Include="[29]两数相除.cpp">
      <Filter>源文件</Filter>
    </ClCompile>
    <ClCompile Include="[31]下一个排列.cpp">
      <Filter>源文件</Filter>
    </ClCompile>
    <ClCompile Include="[28]实现strStr.cpp">
      <Filter>源文件</Filter>
    </ClCompile>
    <ClCompile Include="[32]最长合法括号.cpp">
      <Filter>源文件</Filter>
    </ClCompile>
    <ClCompile Include="[33]搜索旋转的排序数组.cpp">
      <Filter>源文件</Filter>
    </ClCompile>
    <ClCompile Include="[30]串联所有单词的子串.cpp">
      <Filter>源文件</Filter>
    </ClCompile>
    <ClCompile Include="[39]组合总和.cpp">
      <Filter>源文件</Filter>
    </ClCompile>
    <ClCompile Include="[40]组合总和2.cpp">
      <Filter>源文件</Filter>
    </ClCompile>
    <ClCompile Include="[46]全排列.cpp">
      <Filter>源文件</Filter>
    </ClCompile>
    <ClCompile Include="[47]全排列 II.cpp">
      <Filter>源文件</Filter>
    </ClCompile>
    <ClCompile Include="[78]子集.cpp">
      <Filter>源文件</Filter>
    </ClCompile>
    <ClCompile Include="[90]子集 II.cpp">
      <Filter>源文件</Filter>
    </ClCompile>
    <ClCompile Include="[112]路径总和.cpp">
      <Filter>源文件</Filter>
    </ClCompile>
    <ClCompile Include="[113]路径总和 II.cpp">
      <Filter>源文件</Filter>
    </ClCompile>
    <ClCompile Include="[131]分割回文串.cpp">
      <Filter>源文件</Filter>
    </ClCompile>
    <ClCompile Include="[42]接雨水.cpp">
      <Filter>源文件</Filter>
    </ClCompile>
    <ClCompile Include="[41]缺失的第一个正数.cpp">
      <Filter>源文件</Filter>
    </ClCompile>
    <ClCompile Include="[36]有效的数独.cpp">
      <Filter>源文件</Filter>
    </ClCompile>
    <ClCompile Include="[48]旋转图像.cpp">
      <Filter>源文件</Filter>
    </ClCompile>
    <ClCompile Include="[45]跳跃游戏 II.cpp">
      <Filter>源文件</Filter>
    </ClCompile>
    <ClCompile Include="[55]跳跃游戏.cpp">
      <Filter>源文件</Filter>
    </ClCompile>
    <ClCompile Include="[34]在排序数组中查找元素的第一个和最后一个位置.cpp">
      <Filter>源文件</Filter>
    </ClCompile>
    <ClCompile Include="[44]通配符匹配.cpp">
      <Filter>源文件</Filter>
    </ClCompile>
    <ClCompile Include="[53]最大子序和.cpp">
      <Filter>源文件</Filter>
    </ClCompile>
    <ClCompile Include="[62]不同路径.cpp">
      <Filter>源文件</Filter>
    </ClCompile>
    <ClCompile Include="[63]不同路径 II.cpp">
      <Filter>源文件</Filter>
    </ClCompile>
    <ClCompile Include="[64]最小路径和.cpp">
      <Filter>源文件</Filter>
    </ClCompile>
    <ClCompile Include="[70]爬楼梯.cpp">
      <Filter>源文件</Filter>
    </ClCompile>
    <ClCompile Include="[122]买卖股票的最佳时机 II.cpp">
      <Filter>源文件</Filter>
    </ClCompile>
    <ClCompile Include="[121]买卖股票的最佳时机.cpp">
      <Filter>源文件</Filter>
    </ClCompile>
    <ClCompile Include="[134]加油站.cpp">
      <Filter>源文件</Filter>
    </ClCompile>
    <ClCompile Include="[38]报数.cpp">
      <Filter>源文件</Filter>
    </ClCompile>
    <ClCompile Include="[35]搜索插入位置.cpp">
      <Filter>源文件</Filter>
    </ClCompile>
    <ClCompile Include="[50]Pow(x, n).cpp">
      <Filter>源文件</Filter>
    </ClCompile>
    <ClCompile Include="[135]分发糖果.cpp">
      <Filter>源文件</Filter>
    </ClCompile>
    <ClCompile Include="[415]字符串相加.cpp">
      <Filter>源文件</Filter>
    </ClCompile>
    <ClCompile Include="[49]字母异位词分组.cpp">
      <Filter>源文件</Filter>
    </ClCompile>
    <ClCompile Include="[316]去除重复字母.cpp">
      <Filter>源文件</Filter>
    </ClCompile>
    <ClCompile Include="[321]拼接最大数.cpp">
      <Filter>源文件</Filter>
    </ClCompile>
    <ClCompile Include="[51]N皇后.cpp">
      <Filter>源文件</Filter>
    </ClCompile>
    <ClCompile Include="[37]解数独.cpp">
      <Filter>源文件</Filter>
    </ClCompile>
    <ClCompile Include="[56]合并区间.cpp">
      <Filter>源文件</Filter>
    </ClCompile>
    <ClCompile Include="[57]插入区间.cpp">
      <Filter>源文件</Filter>
    </ClCompile>
    <ClCompile Include="[58]最后一个单词的长度.cpp">
      <Filter>源文件</Filter>
    </ClCompile>
    <ClCompile Include="[66]加一.cpp">
      <Filter>源文件</Filter>
    </ClCompile>
    <ClCompile Include="[69]x 的平方根.cpp">
      <Filter>源文件</Filter>
    </ClCompile>
    <ClCompile Include="[83]删除排序链表中的重复元素.cpp">
      <Filter>源文件</Filter>
    </ClCompile>
    <ClCompile Include="[88] 合并两个有序数组.cpp">
      <Filter>源文件</Filter>
    </ClCompile>
    <ClCompile Include="[100]相同的树.cpp">
      <Filter>源文件</Filter>
    </ClCompile>
    <ClCompile Include="[101}对称二叉树.cpp">
      <Filter>源文件</Filter>
    </ClCompile>
    <ClCompile Include="[104]二叉树的最大深度.cpp">
      <Filter>源文件</Filter>
    </ClCompile>
    <ClCompile Include="[102]二叉树的层次遍历.cpp">
      <Filter>源文件</Filter>
    </ClCompile>
    <ClCompile Include="[107]二叉树的层次遍历 II.cpp">
      <Filter>源文件</Filter>
    </ClCompile>
    <ClCompile Include="[108] 将有序数组转换为二叉搜索树.cpp">
      <Filter>源文件</Filter>
    </ClCompile>
    <ClCompile Include="[110]平衡二叉树.cpp">
      <Filter>源文件</Filter>
    </ClCompile>
    <ClCompile Include="[111]二叉树的最小深度.cpp">
      <Filter>源文件</Filter>
    </ClCompile>
    <ClCompile Include="[118]杨辉三角形.cpp">
      <Filter>源文件</Filter>
    </ClCompile>
    <ClCompile Include="[125]验证回文串.cpp">
      <Filter>源文件</Filter>
    </ClCompile>
    <ClCompile Include="[136]只出现一次的数字.cpp">
      <Filter>源文件</Filter>
    </ClCompile>
    <ClCompile Include="[60]第k个排列.cpp">
      <Filter>源文件</Filter>
    </ClCompile>
    <ClCompile Include="[61]旋转链表.cpp">
      <Filter>源文件</Filter>
    </ClCompile>
    <ClCompile Include="[71]简化路径.cpp">
      <Filter>源文件</Filter>
    </ClCompile>
    <ClCompile Include="[82]删除排序链表中的重复元素 II.cpp">
      <Filter>源文件</Filter>
    </ClCompile>
    <ClCompile Include="[86]分割链表.cpp">
      <Filter>源文件</Filter>
    </ClCompile>
    <ClCompile Include="[206]反转链表.cpp">
      <Filter>源文件</Filter>
    </ClCompile>
    <ClCompile Include="[109]有序链表转换二叉搜索树.cpp">
      <Filter>源文件</Filter>
    </ClCompile>
    <ClCompile Include="[138]复制带随机指针的链表.cpp">
      <Filter>源文件</Filter>
    </ClCompile>
    <ClCompile Include="[141]环形链表.cpp">
      <Filter>源文件</Filter>
    </ClCompile>
    <ClCompile Include="[142]环形链表 II.cpp">
      <Filter>源文件</Filter>
    </ClCompile>
    <ClCompile Include="[143]重排链表.cpp">
      <Filter>源文件</Filter>
    </ClCompile>
    <ClCompile Include="[160]相交链表.cpp">
      <Filter>源文件</Filter>
    </ClCompile>
    <ClCompile Include="[203]移除链表元素.cpp">
      <Filter>源文件</Filter>
    </ClCompile>
    <ClCompile Include="[234]回文链表.cpp">
      <Filter>源文件</Filter>
    </ClCompile>
    <ClCompile Include="[328]奇偶链表.cpp">
      <Filter>源文件</Filter>
    </ClCompile>
    <ClCompile Include="[445]两数相加 II.cpp">
      <Filter>源文件</Filter>
    </ClCompile>
    <ClCompile Include="[725]分割链表.cpp">
      <Filter>源文件</Filter>
    </ClCompile>
    <ClCompile Include="[430]扁平化多级双向链表.cpp">
      <Filter>源文件</Filter>
    </ClCompile>
    <ClCompile Include="[817]链表组件.cpp">
      <Filter>源文件</Filter>
    </ClCompile>
    <ClCompile Include="[1019]链表中的下一个更大节点.cpp">
      <Filter>源文件</Filter>
    </ClCompile>
    <ClCompile Include="[687]最长同值路径.cpp">
      <Filter>源文件</Filter>
    </ClCompile>
    <ClCompile Include="[698]划分为k个相等的子集.cpp">
      <Filter>源文件</Filter>
    </ClCompile>
    <ClCompile Include="[783]二叉搜索树结点最小距离.cpp">
      <Filter>源文件</Filter>
    </ClCompile>
    <ClCompile Include="[938]二叉搜索树的范围和.cpp">
      <Filter>源文件</Filter>
    </ClCompile>
    <ClCompile Include="[148]排序链表.cpp">
      <Filter>源文件</Filter>
    </ClCompile>
    <ClCompile Include="[894] 所有可能的满二叉树.cpp">
      <Filter>源文件</Filter>
    </ClCompile>
    <ClCompile Include="[137]只出现一次的数字 II.cpp">
      <Filter>源文件</Filter>
    </ClCompile>
    <ClCompile Include="[779]第K个语法符号.cpp">
      <Filter>源文件</Filter>
    </ClCompile>
    <ClCompile Include="[77]组合.cpp">
      <Filter>源文件</Filter>
    </ClCompile>
    <ClCompile Include="[96]不同的二叉搜索树.cpp">
      <Filter>源文件</Filter>
    </ClCompile>
    <ClCompile Include="[95]不同的二叉搜索树 II.cpp">
      <Filter>源文件</Filter>
    </ClCompile>
    <ClCompile Include="[98]验证二叉搜索树.cpp">
      <Filter>源文件</Filter>
    </ClCompile>
    <ClCompile Include="[99恢复二叉搜索树.cpp">
      <Filter>源文件</Filter>
    </ClCompile>
    <ClCompile Include="[103] 二叉树的锯齿形层次遍历.cpp">
      <Filter>源文件</Filter>
    </ClCompile>
    <ClCompile Include="[105]从前序与中序遍历序列构造二叉树.cpp">
      <Filter>源文件</Filter>
    </ClCompile>
    <ClCompile Include="[226] 翻转二叉树.cpp">
      <Filter>源文件</Filter>
    </ClCompile>
    <ClCompile Include="[404] 左叶子之和.cpp">
      <Filter>源文件</Filter>
    </ClCompile>
    <ClCompile Include="[235]二叉搜索树的最近公共祖先.cpp">
      <Filter>源文件</Filter>
    </ClCompile>
    <ClCompile Include="[230]二叉搜索树中第K小的元素.cpp">
      <Filter>源文件</Filter>
    </ClCompile>
    <ClCompile Include="[114] 二叉树展开为链表.cpp">
      <Filter>源文件</Filter>
    </ClCompile>
    <ClCompile Include="[144]二叉树的前序遍历.cpp">
      <Filter>源文件</Filter>
    </ClCompile>
    <ClCompile Include="[145]二叉树的后序遍历.cpp">
      <Filter>源文件</Filter>
    </ClCompile>
    <ClCompile Include="[146]LRU缓存机制.cpp">
      <Filter>源文件</Filter>
    </ClCompile>
    <ClCompile Include="[52]N皇后 II.cpp">
      <Filter>源文件</Filter>
    </ClCompile>
    <ClCompile Include="[79]单词搜索.cpp">
      <Filter>源文件</Filter>
    </ClCompile>
    <ClCompile Include="[89]格雷编码.cpp">
      <Filter>源文件</Filter>
    </ClCompile>
    <ClCompile Include="[92]反转链表 II.cpp">
      <Filter>源文件</Filter>
    </ClCompile>
    <ClCompile Include="[93]复原IP地址.cpp">
      <Filter>源文件</Filter>
    </ClCompile>
    <ClCompile Include="[94]二叉树的中序遍历.cpp">
      <Filter>源文件</Filter>
    </ClCompile>
    <ClCompile Include="[75]颜色分类.cpp">
      <Filter>源文件</Filter>
    </ClCompile>
    <ClCompile Include="[73]矩阵置零.cpp">
      <Filter>源文件</Filter>
    </ClCompile>
    <ClCompile Include="[67]二进制求和.cpp">
      <Filter>源文件</Filter>
    </ClCompile>
    <ClCompile Include="[65]有效数字.cpp">
      <Filter>源文件</Filter>
    </ClCompile>
    <ClCompile Include="[91]解码方法.cpp">
      <Filter>源文件</Filter>
    </ClCompile>
    <ClCompile Include="[133]克隆图.cpp">
      <Filter>源文件</Filter>
    </ClCompile>
    <ClCompile Include="[116]填充每个节点的下一个右侧节点指针.cpp">
      <Filter>源文件</Filter>
    </ClCompile>
    <ClCompile Include="[117]填充每个节点的下一个右侧节点指针 II.cpp">
      <Filter>源文件</Filter>
    </ClCompile>
    <ClCompile Include="[106]从中序与后序遍历序列构造二叉树.cpp">
      <Filter>源文件</Filter>
    </ClCompile>
    <ClCompile Include="[147]对链表进行插入排序.cpp">
      <Filter>源文件</Filter>
    </ClCompile>
    <ClCompile Include="[115]不同的子序列.cpp">
      <Filter>源文件</Filter>
    </ClCompile>
    <ClCompile Include="[124]二叉树中的最大路径和.cpp">
      <Filter>源文件</Filter>
    </ClCompile>
    <ClCompile Include="[139]单词拆分.cpp">
      <Filter>源文件</Filter>
    </ClCompile>
    <ClCompile Include="[123]买卖股票的最佳时机 III.cpp">
      <Filter>源文件</Filter>
    </ClCompile>
    <ClCompile Include="[188]买卖股票的最佳时机 IV.cpp">
      <Filter>源文件</Filter>
    </ClCompile>
    <ClCompile Include="[80]删除排序数组中的重复项 II.cpp">
      <Filter>源文件</Filter>
    </ClCompile>
    <ClCompile Include="[74]搜索二维矩阵.cpp">
      <Filter>源文件</Filter>
    </ClCompile>
    <ClCompile Include="搜索旋转排序数组 II.cpp">
      <Filter>源文件</Filter>
    </ClCompile>
    <ClCompile Include="[222]完全二叉树的节点个数.cpp">
      <Filter>源文件</Filter>
    </ClCompile>
    <ClCompile Include="[43]字符串相乘.cpp">
      <Filter>源文件</Filter>
    </ClCompile>
    <ClCompile Include="[129求根到叶子节点数字之和.cpp">
      <Filter>源文件</Filter>
    </ClCompile>
    <ClCompile Include="[173]二叉搜索树迭代器.cpp">
      <Filter>源文件</Filter>
    </ClCompile>
    <ClCompile Include="[199]二叉树的右视图.cpp">
      <Filter>源文件</Filter>
    </ClCompile>
    <ClCompile Include="[236]二叉树的最近公共祖先.cpp">
      <Filter>源文件</Filter>
    </ClCompile>
    <ClCompile Include="[257]二叉树的所有路径.cpp">
      <Filter>源文件</Filter>
    </ClCompile>
    <ClCompile Include="[198]打家劫舍.cpp">
      <Filter>源文件</Filter>
    </ClCompile>
    <ClCompile Include="[81]搜索旋转排序数组 II.cpp">
      <Filter>源文件</Filter>
    </ClCompile>
    <ClCompile Include="[153]寻找旋转排序数组中的最小值.cpp">
      <Filter>源文件</Filter>
    </ClCompile>
    <ClCompile Include="[162]寻找峰值.cpp">
      <Filter>源文件</Filter>
    </ClCompile>
    <ClCompile Include="[154]寻找旋转排序数组中的最小值 II.cpp">
      <Filter>源文件</Filter>
    </ClCompile>
    <ClCompile Include="[167]两数之和 II - 输入有序数组.cpp">
      <Filter>源文件</Filter>
    </ClCompile>
    <ClCompile Include="[174]地下城游戏.cpp">
      <Filter>源文件</Filter>
    </ClCompile>
    <ClCompile Include="[119]杨辉三角 II.cpp">
      <Filter>源文件</Filter>
    </ClCompile>
    <ClCompile Include="[120]三角形最小路径和.cpp">
      <Filter>源文件</Filter>
    </ClCompile>
    <ClCompile Include="[128]最长连续序列.cpp">
      <Filter>源文件</Filter>
    </ClCompile>
  </ItemGroup>
  <ItemGroup>
    <Text Include="test_in.txt">
      <Filter>源文件</Filter>
    </Text>
  </ItemGroup>
</Project>